
Microsoft Visual Studio Solution File, Format Version 12.00
# Visual Studio Version 17
VisualStudioVersion = 17.5.002.0
MinimumVisualStudioVersion = 10.0.40219.1
Project("{9A19103F-16F7-4668-BE54-9A1E7A4F7556}") = "complianceSync", "complianceSync\complianceSync.csproj", "{275B150C-D17F-411E-8F2A-E3700DAAF8E3}"
EndProject
Global
	GlobalSection(SolutionConfigurationPlatforms) = preSolution
		Debug|Any CPU = Debug|Any CPU
		Release|Any CPU = Release|Any CPU
	EndGlobalSection
	GlobalSection(ProjectConfigurationPlatforms) = postSolution
		{275B150C-D17F-411E-8F2A-E3700DAAF8E3}.Debug|Any CPU.ActiveCfg = Debug|Any CPU
		{275B150C-D17F-411E-8F2A-E3700DAAF8E3}.Debug|Any CPU.Build.0 = Debug|Any CPU
		{275B150C-D17F-411E-8F2A-E3700DAAF8E3}.Release|Any CPU.ActiveCfg = Release|Any CPU
		{275B150C-D17F-411E-8F2A-E3700DAAF8E3}.Release|Any CPU.Build.0 = Release|Any CPU
	EndGlobalSection
	GlobalSection(SolutionProperties) = preSolution
		HideSolutionNode = FALSE
	EndGlobalSection
	GlobalSection(ExtensibilityGlobals) = postSolution
		SolutionGuid = {DBF4A0B8-B064-4670-AAFA-1F9FA026BDF7}
	EndGlobalSection
EndGlobal
